
Microsoft Visual Studio Solution File, Format Version 12.00
#
Project("{FAE04EC0-301F-11D3-BF4B-00C04F79EFBC}") = "TotallyWired.WebApi", "TotallyWired.WebApi\TotallyWired.WebApi.csproj", "{2BAB3B53-3523-4E46-9193-7A9E5665AFCE}"
EndProject
Project("{FAE04EC0-301F-11D3-BF4B-00C04F79EFBC}") = "TotallyWired", "TotallyWired\TotallyWired.csproj", "{D8FDEE6B-6807-49D6-8DB8-6994E08A4CB8}"
EndProject
Project("{FAE04EC0-301F-11D3-BF4B-00C04F79EFBC}") = "DbMigrator", "DbMigrator\DbMigrator.csproj", "{6AC919AA-592A-4726-B2E0-3668F9B13A0A}"
EndProject
Project("{FAE04EC0-301F-11D3-BF4B-00C04F79EFBC}") = "Proxy", "Proxy\Proxy.csproj", "{E069510E-05B7-487C-96C3-10E1DE6C73E5}"
EndProject
Project("{2150E333-8FDC-42A3-9474-1A3956D46DE8}") = "Tests", "Tests", "{841FD2B9-13C9-4832-BD3A-2D92270122E6}"
EndProject
Project("{FAE04EC0-301F-11D3-BF4B-00C04F79EFBC}") = "TotallyWired.Tests", "Tests\TotallyWired.Tests\TotallyWired.Tests.csproj", "{7D57C013-D7E4-4A45-945F-0FCDBD6C8196}"
EndProject
Project("{2150E333-8FDC-42A3-9474-1A3956D46DE8}") = "Tools", "Tools", "{DCADAB17-8CC8-4811-8BC9-12A74CA3BB61}"
EndProject
Global
	GlobalSection(SolutionConfigurationPlatforms) = preSolution
		Debug|Any CPU = Debug|Any CPU
		Release|Any CPU = Release|Any CPU
	EndGlobalSection
	GlobalSection(ProjectConfigurationPlatforms) = postSolution
		{2BAB3B53-3523-4E46-9193-7A9E5665AFCE}.Debug|Any CPU.ActiveCfg = Debug|Any CPU
		{2BAB3B53-3523-4E46-9193-7A9E5665AFCE}.Debug|Any CPU.Build.0 = Debug|Any CPU
		{2BAB3B53-3523-4E46-9193-7A9E5665AFCE}.Release|Any CPU.ActiveCfg = Release|Any CPU
		{2BAB3B53-3523-4E46-9193-7A9E5665AFCE}.Release|Any CPU.Build.0 = Release|Any CPU
		{D8FDEE6B-6807-49D6-8DB8-6994E08A4CB8}.Debug|Any CPU.ActiveCfg = Debug|Any CPU
		{D8FDEE6B-6807-49D6-8DB8-6994E08A4CB8}.Debug|Any CPU.Build.0 = Debug|Any CPU
		{D8FDEE6B-6807-49D6-8DB8-6994E08A4CB8}.Release|Any CPU.ActiveCfg = Release|Any CPU
		{D8FDEE6B-6807-49D6-8DB8-6994E08A4CB8}.Release|Any CPU.Build.0 = Release|Any CPU
		{6AC919AA-592A-4726-B2E0-3668F9B13A0A}.Debug|Any CPU.ActiveCfg = Debug|Any CPU
		{6AC919AA-592A-4726-B2E0-3668F9B13A0A}.Debug|Any CPU.Build.0 = Debug|Any CPU
		{6AC919AA-592A-4726-B2E0-3668F9B13A0A}.Release|Any CPU.ActiveCfg = Release|Any CPU
		{6AC919AA-592A-4726-B2E0-3668F9B13A0A}.Release|Any CPU.Build.0 = Release|Any CPU
		{E069510E-05B7-487C-96C3-10E1DE6C73E5}.Debug|Any CPU.ActiveCfg = Debug|Any CPU
		{E069510E-05B7-487C-96C3-10E1DE6C73E5}.Debug|Any CPU.Build.0 = Debug|Any CPU
		{E069510E-05B7-487C-96C3-10E1DE6C73E5}.Release|Any CPU.ActiveCfg = Release|Any CPU
		{E069510E-05B7-487C-96C3-10E1DE6C73E5}.Release|Any CPU.Build.0 = Release|Any CPU
		{7D57C013-D7E4-4A45-945F-0FCDBD6C8196}.Debug|Any CPU.ActiveCfg = Debug|Any CPU
		{7D57C013-D7E4-4A45-945F-0FCDBD6C8196}.Debug|Any CPU.Build.0 = Debug|Any CPU
		{7D57C013-D7E4-4A45-945F-0FCDBD6C8196}.Release|Any CPU.ActiveCfg = Release|Any CPU
		{7D57C013-D7E4-4A45-945F-0FCDBD6C8196}.Release|Any CPU.Build.0 = Release|Any CPU
	EndGlobalSection
	GlobalSection(NestedProjects) = preSolution
		{7D57C013-D7E4-4A45-945F-0FCDBD6C8196} = {841FD2B9-13C9-4832-BD3A-2D92270122E6}
		{6AC919AA-592A-4726-B2E0-3668F9B13A0A} = {DCADAB17-8CC8-4811-8BC9-12A74CA3BB61}
		{E069510E-05B7-487C-96C3-10E1DE6C73E5} = {DCADAB17-8CC8-4811-8BC9-12A74CA3BB61}
	EndGlobalSection
EndGlobal
